{
    "name": "logisticaldemand-cds",
    "version": "1.0.0",
    "lockfileVersion": 3,
    "requires": true,
    "packages": {
        "": {
            "name": "logisticaldemand-cds",
            "version": "1.0.0",
            "license": "ISC",
            "dependencies": {
                "@sap/freight_cost": "file:sap-freight_cost-1.0.0.tgz"
            }
        },
        "node_modules/@sap/freight_cost": {
            "version": "1.0.0",
            "resolved": "file:sap-freight_cost-1.0.0.tgz",
            "integrity": "sha512-I7I6M90RFqNKOgELiCgFgzndGwial8sy7Vjh0be1zattWLAUAyXz3hGfEEIWvOxQ8GoCiruWwBjlCPY9mHy9rw==",
            "license": "ISC"
        }
    }
}
